{
  "nodes": {
    "flake-compat": {
      "flake": false,
      "locked": {
        "lastModified": 1606424373,
        "narHash": "sha256-oq8d4//CJOrVj+EcOaSXvMebvuTkmBJuT5tzlfewUnQ=",
        "owner": "edolstra",
        "repo": "flake-compat",
        "rev": "99f1c2157fba4bfe6211a321fd0ee43199025dbf",
        "type": "github"
      },
      "original": {
        "owner": "edolstra",
        "repo": "flake-compat",
        "type": "github"
      }
    },
    "flake-utils": {
      "locked": {
        "lastModified": 1610051610,
        "narHash": "sha256-U9rPz/usA1/Aohhk7Cmc2gBrEEKRzcW4nwPWMPwja4Y=",
        "owner": "numtide",
        "repo": "flake-utils",
        "rev": "3982c9903e93927c2164caa727cd3f6a0e6d14cc",
        "type": "github"
      },
      "original": {
        "owner": "numtide",
        "repo": "flake-utils",
        "type": "github"
      }
    },
    "home-manager": {
      "inputs": {
        "nixpkgs": "nixpkgs"
      },
      "locked": {
        "lastModified": 1625908652,
        "narHash": "sha256-goRLk1I/OMclS9i17g932wyHyjiKI+htbuFIWIkzTbw=",
        "owner": "nix-community",
        "repo": "home-manager",
        "rev": "2c9fe368c1b5d79d504e3111ebaa97e90192fbb4",
        "type": "github"
      },
      "original": {
        "owner": "nix-community",
        "repo": "home-manager",
        "type": "github"
      }
    },
    "neovim-flake": {
      "inputs": {
        "flake-utils": "flake-utils",
        "nixpkgs": [
          "nixpkgs"
        ]
      },
      "locked": {
        "dir": "contrib",
        "lastModified": 1625855768,
        "narHash": "sha256-eMfaWs1Lmj1x7EtejWysqh8kfqWwDtU94/gWRuiuzgI=",
        "owner": "neovim",
        "repo": "neovim",
        "rev": "e43dbfdd05d09e28ee0468f1cd1808f859807606",
        "type": "github"
      },
      "original": {
        "dir": "contrib",
        "owner": "neovim",
        "repo": "neovim",
        "type": "github"
      }
    },
    "neovim-nightly-overlay": {
      "inputs": {
        "flake-compat": "flake-compat",
        "neovim-flake": "neovim-flake",
        "nixpkgs": "nixpkgs_2"
      },
      "locked": {
        "lastModified": 1625904691,
        "narHash": "sha256-R+HcHxfAsG3JxdeXvQUjDg6i4VJxjh39SPEGwaLMWi4=",
        "owner": "nix-community",
        "repo": "neovim-nightly-overlay",
        "rev": "c2a8577b755101ba3cd5d8b20a1a46f231b76a11",
        "type": "github"
      },
      "original": {
        "owner": "nix-community",
        "repo": "neovim-nightly-overlay",
        "type": "github"
      }
    },
    "nixpkgs": {
      "locked": {
        "lastModified": 1625908352,
        "narHash": "sha256-kENMdriLqltFLQIeBEZqGpxuj/WNL30RaEto1Q8o7Ns=",
        "owner": "NixOS",
        "repo": "nixpkgs",
        "rev": "3485670aebd9ef6e1b68b46a19bfb6ee8410492c",
        "type": "github"
      },
      "original": {
        "id": "nixpkgs",
        "type": "indirect"
      }
    },
    "nixpkgs-master": {
      "locked": {
        "lastModified": 1625908352,
        "narHash": "sha256-kENMdriLqltFLQIeBEZqGpxuj/WNL30RaEto1Q8o7Ns=",
        "owner": "nixos",
        "repo": "nixpkgs",
        "rev": "3485670aebd9ef6e1b68b46a19bfb6ee8410492c",
        "type": "github"
      },
      "original": {
        "owner": "nixos",
        "ref": "master",
        "repo": "nixpkgs",
        "type": "github"
      }
    },
    "nixpkgs_2": {
      "locked": {
        "lastModified": 1625697353,
        "narHash": "sha256-/v85RkZ0Z+lxipkG2sjYNRINktc8VySbLQmPbirY0hQ=",
        "owner": "nixos",
        "repo": "nixpkgs",
        "rev": "87807e64a5ef5206b745a40af118c7be8db73681",
        "type": "github"
      },
      "original": {
        "owner": "nixos",
        "ref": "nixos-unstable",
        "repo": "nixpkgs",
        "type": "github"
      }
    },
    "nixpkgs_3": {
      "locked": {
        "lastModified": 1625853263,
        "narHash": "sha256-U/BJnhxymQjTV2qGpqp0hVyAvGYsYx0Uqw0Q2oiqZsU=",
        "owner": "nixos",
        "repo": "nixpkgs",
        "rev": "8da27ef161e8bd0403c8f9ae030ef1e91cb6c475",
        "type": "github"
      },
      "original": {
        "owner": "nixos",
        "ref": "nixpkgs-unstable",
        "repo": "nixpkgs",
        "type": "github"
      }
    },
    "root": {
      "inputs": {
        "home-manager": "home-manager",
        "neovim-nightly-overlay": "neovim-nightly-overlay",
        "nixpkgs": "nixpkgs_3",
        "nixpkgs-master": "nixpkgs-master"
      }
    }
  },
  "root": "root",
  "version": 7
}
